
Microsoft Visual Studio Solution File, Format Version 12.00
Project("{FAE04EC0-301F-11D3-BF4B-00C04F79EFBC}") = "ChessLearnProgram", "ChessLearnProgram\ChessLearnProgram.csproj", "{82B79DB2-2F57-4FCB-8F84-96A7DCDAECA8}"
EndProject
Global
	GlobalSection(SolutionConfigurationPlatforms) = preSolution
		Debug|Any CPU = Debug|Any CPU
		Release|Any CPU = Release|Any CPU
	EndGlobalSection
	GlobalSection(ProjectConfigurationPlatforms) = postSolution
		{82B79DB2-2F57-4FCB-8F84-96A7DCDAECA8}.Debug|Any CPU.ActiveCfg = Debug|Any CPU
		{82B79DB2-2F57-4FCB-8F84-96A7DCDAECA8}.Debug|Any CPU.Build.0 = Debug|Any CPU
		{82B79DB2-2F57-4FCB-8F84-96A7DCDAECA8}.Release|Any CPU.ActiveCfg = Release|Any CPU
		{82B79DB2-2F57-4FCB-8F84-96A7DCDAECA8}.Release|Any CPU.Build.0 = Release|Any CPU
	EndGlobalSection
EndGlobal
